{
  "name": "devops-test",
  "version": "1.0.0",
  "lockfileVersion": 2,
  "requires": true,
  "packages": {
    "": {
      "name": "devops-test",
      "version": "1.0.0",
      "license": "UNLICENSED",
      "dependencies": {
        "lynx": "^0.2.0",
        "lynx-js": "^1.1.7"
      }
    },
    "node_modules/lynx": {
      "version": "0.2.0",
      "resolved": "https://registry.npmjs.org/lynx/-/lynx-0.2.0.tgz",
      "integrity": "sha1-eeZnRTDaQYPoeVO9aGFx4HDaULk=",
      "dependencies": {
        "mersenne": "~0.0.3",
        "statsd-parser": "~0.0.4"
      }
    },
    "node_modules/lynx-js": {
      "version": "1.1.7",
      "resolved": "https://registry.npmjs.org/lynx-js/-/lynx-js-1.1.7.tgz",
      "integrity": "sha512-SFF1AFZ1oD0iAPI7Mv6w4TKz2ObAvjdaWU4zVnZg8d2DMHB6u/f/ArVVC+sqV+CGe1moYHhA5vZDqI3RfeTZ8A=="
    },
    "node_modules/mersenne": {
      "version": "0.0.4",
      "resolved": "https://registry.npmjs.org/mersenne/-/mersenne-0.0.4.tgz",
      "integrity": "sha1-QB/ex+whzbngPNPTAhOY2iGycIU="
    },
    "node_modules/statsd-parser": {
      "version": "0.0.4",
      "resolved": "https://registry.npmjs.org/statsd-parser/-/statsd-parser-0.0.4.tgz",
      "integrity": "sha1-y9JDlTzELv/VSLXSI4jtaJ7GOb0="
    }
  },
  "dependencies": {
    "lynx": {
      "version": "0.2.0",
      "resolved": "https://registry.npmjs.org/lynx/-/lynx-0.2.0.tgz",
      "integrity": "sha1-eeZnRTDaQYPoeVO9aGFx4HDaULk=",
      "requires": {
        "mersenne": "~0.0.3",
        "statsd-parser": "~0.0.4"
      }
    },
    "lynx-js": {
      "version": "1.1.7",
      "resolved": "https://registry.npmjs.org/lynx-js/-/lynx-js-1.1.7.tgz",
      "integrity": "sha512-SFF1AFZ1oD0iAPI7Mv6w4TKz2ObAvjdaWU4zVnZg8d2DMHB6u/f/ArVVC+sqV+CGe1moYHhA5vZDqI3RfeTZ8A=="
    },
    "mersenne": {
      "version": "0.0.4",
      "resolved": "https://registry.npmjs.org/mersenne/-/mersenne-0.0.4.tgz",
      "integrity": "sha1-QB/ex+whzbngPNPTAhOY2iGycIU="
    },
    "statsd-parser": {
      "version": "0.0.4",
      "resolved": "https://registry.npmjs.org/statsd-parser/-/statsd-parser-0.0.4.tgz",
      "integrity": "sha1-y9JDlTzELv/VSLXSI4jtaJ7GOb0="
    }
  }
}
